
Microsoft Visual Studio Solution File, Format Version 12.00
# Visual Studio Version 17
VisualStudioVersion = 17.8.34330.188
MinimumVisualStudioVersion = 10.0.40219.1
Project("{FAE04EC0-301F-11D3-BF4B-00C04F79EFBC}") = "Leetcodes", "Leetcodes\Leetcodes.csproj", "{362AD7B7-8C87-452B-85DE-8101A88CF627}"
EndProject
Global
	GlobalSection(SolutionConfigurationPlatforms) = preSolution
		Debug|Any CPU = Debug|Any CPU
		Release|Any CPU = Release|Any CPU
	EndGlobalSection
	GlobalSection(ProjectConfigurationPlatforms) = postSolution
		{362AD7B7-8C87-452B-85DE-8101A88CF627}.Debug|Any CPU.ActiveCfg = Debug|Any CPU
		{362AD7B7-8C87-452B-85DE-8101A88CF627}.Debug|Any CPU.Build.0 = Debug|Any CPU
		{362AD7B7-8C87-452B-85DE-8101A88CF627}.Release|Any CPU.ActiveCfg = Release|Any CPU
		{362AD7B7-8C87-452B-85DE-8101A88CF627}.Release|Any CPU.Build.0 = Release|Any CPU
	EndGlobalSection
	GlobalSection(SolutionProperties) = preSolution
		HideSolutionNode = FALSE
	EndGlobalSection
	GlobalSection(ExtensibilityGlobals) = postSolution
		SolutionGuid = {3CFCFB03-BFD9-47B4-B9A3-5CC0C7B530C4}
	EndGlobalSection
EndGlobal
